Microsoft Visual Studio Solution File, Format Version 12.00
# Visual Studio Version 17
VisualStudioVersion = 17.5.2.0
MinimumVisualStudioVersion = 10.0.40219.1
Project("{2150E333-8FDC-42A3-9474-1A3956D46DE8}") = "src", "src", "{827E0CD3-B72D-47B6-A68D-7590B98EB39B}"
EndProject
Project("{2150E333-8FDC-42A3-9474-1A3956D46DE8}") = "tests", "tests", "{0AB3BF05-4346-4AA6-1389-037BE0695223}"
EndProject
Project("{FAE04EC0-301F-11D3-BF4B-00C04F79EFBC}") = "ZenoHR.Api", "src\ZenoHR.Api\ZenoHR.Api.csproj", "{F5E84536-2CCA-570F-4995-3D0E372A0512}"
EndProject
Project("{FAE04EC0-301F-11D3-BF4B-00C04F79EFBC}") = "ZenoHR.Domain", "src\ZenoHR.Domain\ZenoHR.Domain.csproj", "{86A42CD1-153F-1226-D6B0-EF19B597B32B}"
EndProject
Project("{FAE04EC0-301F-11D3-BF4B-00C04F79EFBC}") = "ZenoHR.Infrastructure", "src\ZenoHR.Infrastructure\ZenoHR.Infrastructure.csproj", "{631DD1DA-8EEC-952E-AFAE-2733DA02E027}"
EndProject
Project("{FAE04EC0-301F-11D3-BF4B-00C04F79EFBC}") = "ZenoHR.Module.Audit", "src\ZenoHR.Module.Audit\ZenoHR.Module.Audit.csproj", "{7F6BD4D9-071A-D523-4097-5031149E1CAF}"
EndProject
Project("{FAE04EC0-301F-11D3-BF4B-00C04F79EFBC}") = "ZenoHR.Module.Compliance", "src\ZenoHR.Module.Compliance\ZenoHR.Module.Compliance.csproj", "{675537EE-A8AA-B1C6-2886-8CE0EF05B751}"
EndProject
Project("{FAE04EC0-301F-11D3-BF4B-00C04F79EFBC}") = "ZenoHR.Module.Employee", "src\ZenoHR.Module.Employee\ZenoHR.Module.Employee.csproj", "{0C6B8560-919C-AEAE-DCCF-8DB99E825424}"
EndProject
Project("{FAE04EC0-301F-11D3-BF4B-00C04F79EFBC}") = "ZenoHR.Module.Leave", "src\ZenoHR.Module.Leave\ZenoHR.Module.Leave.csproj", "{C982873B-5D10-FD15-E78D-8280A651EBD4}"
EndProject
Project("{FAE04EC0-301F-11D3-BF4B-00C04F79EFBC}") = "ZenoHR.Module.Payroll", "src\ZenoHR.Module.Payroll\ZenoHR.Module.Payroll.csproj", "{E8051900-013E-ED1C-94EB-ADDC5881E07B}"
EndProject
Project("{FAE04EC0-301F-11D3-BF4B-00C04F79EFBC}") = "ZenoHR.Module.Risk", "src\ZenoHR.Module.Risk\ZenoHR.Module.Risk.csproj", "{E04EF357-6FA7-9233-10D6-5856A0588E18}"
EndProject
Project("{FAE04EC0-301F-11D3-BF4B-00C04F79EFBC}") = "ZenoHR.Module.TimeAttendance", "src\ZenoHR.Module.TimeAttendance\ZenoHR.Module.TimeAttendance.csproj", "{11132229-3F1E-8F6E-00A7-6CACE54AEAF4}"
EndProject
Project("{FAE04EC0-301F-11D3-BF4B-00C04F79EFBC}") = "ZenoHR.Web", "src\ZenoHR.Web\ZenoHR.Web.csproj", "{CB987091-6C92-8EC5-1AC0-389D1027AEB0}"
EndProject
Project("{FAE04EC0-301F-11D3-BF4B-00C04F79EFBC}") = "ZenoHR.Architecture.Tests", "tests\ZenoHR.Architecture.Tests\ZenoHR.Architecture.Tests.csproj", "{A2F7603D-7FC7-14B9-2465-3FB6B8F06499}"
EndProject
Project("{FAE04EC0-301F-11D3-BF4B-00C04F79EFBC}") = "ZenoHR.Domain.Tests", "tests\ZenoHR.Domain.Tests\ZenoHR.Domain.Tests.csproj", "{B5B19CA7-ADBC-78C3-26BE-DFB8CF882830}"
EndProject
Project("{FAE04EC0-301F-11D3-BF4B-00C04F79EFBC}") = "ZenoHR.Integration.Tests", "tests\ZenoHR.Integration.Tests\ZenoHR.Integration.Tests.csproj", "{15458511-DFF1-0AEF-381D-0D515F6C3A2E}"
EndProject
Project("{FAE04EC0-301F-11D3-BF4B-00C04F79EFBC}") = "ZenoHR.Module.Compliance.Tests", "tests\ZenoHR.Module.Compliance.Tests\ZenoHR.Module.Compliance.Tests.csproj", "{EF9D5A2E-045F-F220-BE8A-482B9B3B8156}"
EndProject
Project("{FAE04EC0-301F-11D3-BF4B-00C04F79EFBC}") = "ZenoHR.Module.Payroll.Tests", "tests\ZenoHR.Module.Payroll.Tests\ZenoHR.Module.Payroll.Tests.csproj", "{994FE2B2-6D3C-A6FF-11D8-7072D84031B0}"
EndProject
Project("{FAE04EC0-301F-11D3-BF4B-00C04F79EFBC}") = "ZenoHR.Module.Audit.Tests", "tests\ZenoHR.Module.Audit.Tests\ZenoHR.Module.Audit.Tests.csproj", "{3A1B7C4D-5E6F-7890-ABCD-EF1234567801}"
EndProject
Project("{FAE04EC0-301F-11D3-BF4B-00C04F79EFBC}") = "ZenoHR.Module.Employee.Tests", "tests\ZenoHR.Module.Employee.Tests\ZenoHR.Module.Employee.Tests.csproj", "{3A1B7C4D-5E6F-7890-ABCD-EF1234567802}"
EndProject
Project("{FAE04EC0-301F-11D3-BF4B-00C04F79EFBC}") = "ZenoHR.Module.Leave.Tests", "tests\ZenoHR.Module.Leave.Tests\ZenoHR.Module.Leave.Tests.csproj", "{3A1B7C4D-5E6F-7890-ABCD-EF1234567803}"
EndProject
Project("{FAE04EC0-301F-11D3-BF4B-00C04F79EFBC}") = "ZenoHR.Module.TimeAttendance.Tests", "tests\ZenoHR.Module.TimeAttendance.Tests\ZenoHR.Module.TimeAttendance.Tests.csproj", "{3A1B7C4D-5E6F-7890-ABCD-EF1234567804}"
EndProject
Project("{FAE04EC0-301F-11D3-BF4B-00C04F79EFBC}") = "ZenoHR.Benchmarks", "tests\ZenoHR.Benchmarks\ZenoHR.Benchmarks.csproj", "{3A1B7C4D-5E6F-7890-ABCD-EF1234567805}"
EndProject
Global
	GlobalSection(SolutionConfigurationPlatforms) = preSolution
		Debug|Any CPU = Debug|Any CPU
		Release|Any CPU = Release|Any CPU
	EndGlobalSection
	GlobalSection(ProjectConfigurationPlatforms) = postSolution
		{F5E84536-2CCA-570F-4995-3D0E372A0512}.Debug|Any CPU.ActiveCfg = Debug|Any CPU
		{F5E84536-2CCA-570F-4995-3D0E372A0512}.Debug|Any CPU.Build.0 = Debug|Any CPU
		{F5E84536-2CCA-570F-4995-3D0E372A0512}.Release|Any CPU.ActiveCfg = Release|Any CPU
		{F5E84536-2CCA-570F-4995-3D0E372A0512}.Release|Any CPU.Build.0 = Release|Any CPU
		{86A42CD1-153F-1226-D6B0-EF19B597B32B}.Debug|Any CPU.ActiveCfg = Debug|Any CPU
		{86A42CD1-153F-1226-D6B0-EF19B597B32B}.Debug|Any CPU.Build.0 = Debug|Any CPU
		{86A42CD1-153F-1226-D6B0-EF19B597B32B}.Release|Any CPU.ActiveCfg = Release|Any CPU
		{86A42CD1-153F-1226-D6B0-EF19B597B32B}.Release|Any CPU.Build.0 = Release|Any CPU
		{631DD1DA-8EEC-952E-AFAE-2733DA02E027}.Debug|Any CPU.ActiveCfg = Debug|Any CPU
		{631DD1DA-8EEC-952E-AFAE-2733DA02E027}.Debug|Any CPU.Build.0 = Debug|Any CPU
		{631DD1DA-8EEC-952E-AFAE-2733DA02E027}.Release|Any CPU.ActiveCfg = Release|Any CPU
		{631DD1DA-8EEC-952E-AFAE-2733DA02E027}.Release|Any CPU.Build.0 = Release|Any CPU
		{7F6BD4D9-071A-D523-4097-5031149E1CAF}.Debug|Any CPU.ActiveCfg = Debug|Any CPU
		{7F6BD4D9-071A-D523-4097-5031149E1CAF}.Debug|Any CPU.Build.0 = Debug|Any CPU
		{7F6BD4D9-071A-D523-4097-5031149E1CAF}.Release|Any CPU.ActiveCfg = Release|Any CPU
		{7F6BD4D9-071A-D523-4097-5031149E1CAF}.Release|Any CPU.Build.0 = Release|Any CPU
		{675537EE-A8AA-B1C6-2886-8CE0EF05B751}.Debug|Any CPU.ActiveCfg = Debug|Any CPU
		{675537EE-A8AA-B1C6-2886-8CE0EF05B751}.Debug|Any CPU.Build.0 = Debug|Any CPU
		{675537EE-A8AA-B1C6-2886-8CE0EF05B751}.Release|Any CPU.ActiveCfg = Release|Any CPU
		{675537EE-A8AA-B1C6-2886-8CE0EF05B751}.Release|Any CPU.Build.0 = Release|Any CPU
		{0C6B8560-919C-AEAE-DCCF-8DB99E825424}.Debug|Any CPU.ActiveCfg = Debug|Any CPU
		{0C6B8560-919C-AEAE-DCCF-8DB99E825424}.Debug|Any CPU.Build.0 = Debug|Any CPU
		{0C6B8560-919C-AEAE-DCCF-8DB99E825424}.Release|Any CPU.ActiveCfg = Release|Any CPU
		{0C6B8560-919C-AEAE-DCCF-8DB99E825424}.Release|Any CPU.Build.0 = Release|Any CPU
		{C982873B-5D10-FD15-E78D-8280A651EBD4}.Debug|Any CPU.ActiveCfg = Debug|Any CPU
		{C982873B-5D10-FD15-E78D-8280A651EBD4}.Debug|Any CPU.Build.0 = Debug|Any CPU
		{C982873B-5D10-FD15-E78D-8280A651EBD4}.Release|Any CPU.ActiveCfg = Release|Any CPU
		{C982873B-5D10-FD15-E78D-8280A651EBD4}.Release|Any CPU.Build.0 = Release|Any CPU
		{E8051900-013E-ED1C-94EB-ADDC5881E07B}.Debug|Any CPU.ActiveCfg = Debug|Any CPU
		{E8051900-013E-ED1C-94EB-ADDC5881E07B}.Debug|Any CPU.Build.0 = Debug|Any CPU
		{E8051900-013E-ED1C-94EB-ADDC5881E07B}.Release|Any CPU.ActiveCfg = Release|Any CPU
		{E8051900-013E-ED1C-94EB-ADDC5881E07B}.Release|Any CPU.Build.0 = Release|Any CPU
		{E04EF357-6FA7-9233-10D6-5856A0588E18}.Debug|Any CPU.ActiveCfg = Debug|Any CPU
		{E04EF357-6FA7-9233-10D6-5856A0588E18}.Debug|Any CPU.Build.0 = Debug|Any CPU
		{E04EF357-6FA7-9233-10D6-5856A0588E18}.Release|Any CPU.ActiveCfg = Release|Any CPU
		{E04EF357-6FA7-9233-10D6-5856A0588E18}.Release|Any CPU.Build.0 = Release|Any CPU
		{11132229-3F1E-8F6E-00A7-6CACE54AEAF4}.Debug|Any CPU.ActiveCfg = Debug|Any CPU
		{11132229-3F1E-8F6E-00A7-6CACE54AEAF4}.Debug|Any CPU.Build.0 = Debug|Any CPU
		{11132229-3F1E-8F6E-00A7-6CACE54AEAF4}.Release|Any CPU.ActiveCfg = Release|Any CPU
		{11132229-3F1E-8F6E-00A7-6CACE54AEAF4}.Release|Any CPU.Build.0 = Release|Any CPU
		{CB987091-6C92-8EC5-1AC0-389D1027AEB0}.Debug|Any CPU.ActiveCfg = Debug|Any CPU
		{CB987091-6C92-8EC5-1AC0-389D1027AEB0}.Debug|Any CPU.Build.0 = Debug|Any CPU
		{CB987091-6C92-8EC5-1AC0-389D1027AEB0}.Release|Any CPU.ActiveCfg = Release|Any CPU
		{CB987091-6C92-8EC5-1AC0-389D1027AEB0}.Release|Any CPU.Build.0 = Release|Any CPU
		{A2F7603D-7FC7-14B9-2465-3FB6B8F06499}.Debug|Any CPU.ActiveCfg = Debug|Any CPU
		{A2F7603D-7FC7-14B9-2465-3FB6B8F06499}.Debug|Any CPU.Build.0 = Debug|Any CPU
		{A2F7603D-7FC7-14B9-2465-3FB6B8F06499}.Release|Any CPU.ActiveCfg = Release|Any CPU
		{A2F7603D-7FC7-14B9-2465-3FB6B8F06499}.Release|Any CPU.Build.0 = Release|Any CPU
		{B5B19CA7-ADBC-78C3-26BE-DFB8CF882830}.Debug|Any CPU.ActiveCfg = Debug|Any CPU
		{B5B19CA7-ADBC-78C3-26BE-DFB8CF882830}.Debug|Any CPU.Build.0 = Debug|Any CPU
		{B5B19CA7-ADBC-78C3-26BE-DFB8CF882830}.Release|Any CPU.ActiveCfg = Release|Any CPU
		{B5B19CA7-ADBC-78C3-26BE-DFB8CF882830}.Release|Any CPU.Build.0 = Release|Any CPU
		{15458511-DFF1-0AEF-381D-0D515F6C3A2E}.Debug|Any CPU.ActiveCfg = Debug|Any CPU
		{15458511-DFF1-0AEF-381D-0D515F6C3A2E}.Debug|Any CPU.Build.0 = Debug|Any CPU
		{15458511-DFF1-0AEF-381D-0D515F6C3A2E}.Release|Any CPU.ActiveCfg = Release|Any CPU
		{15458511-DFF1-0AEF-381D-0D515F6C3A2E}.Release|Any CPU.Build.0 = Release|Any CPU
		{EF9D5A2E-045F-F220-BE8A-482B9B3B8156}.Debug|Any CPU.ActiveCfg = Debug|Any CPU
		{EF9D5A2E-045F-F220-BE8A-482B9B3B8156}.Debug|Any CPU.Build.0 = Debug|Any CPU
		{EF9D5A2E-045F-F220-BE8A-482B9B3B8156}.Release|Any CPU.ActiveCfg = Release|Any CPU
		{EF9D5A2E-045F-F220-BE8A-482B9B3B8156}.Release|Any CPU.Build.0 = Release|Any CPU
		{994FE2B2-6D3C-A6FF-11D8-7072D84031B0}.Debug|Any CPU.ActiveCfg = Debug|Any CPU
		{994FE2B2-6D3C-A6FF-11D8-7072D84031B0}.Debug|Any CPU.Build.0 = Debug|Any CPU
		{994FE2B2-6D3C-A6FF-11D8-7072D84031B0}.Release|Any CPU.ActiveCfg = Release|Any CPU
		{994FE2B2-6D3C-A6FF-11D8-7072D84031B0}.Release|Any CPU.Build.0 = Release|Any CPU
		{3A1B7C4D-5E6F-7890-ABCD-EF1234567801}.Debug|Any CPU.ActiveCfg = Debug|Any CPU
		{3A1B7C4D-5E6F-7890-ABCD-EF1234567801}.Debug|Any CPU.Build.0 = Debug|Any CPU
		{3A1B7C4D-5E6F-7890-ABCD-EF1234567801}.Release|Any CPU.ActiveCfg = Release|Any CPU
		{3A1B7C4D-5E6F-7890-ABCD-EF1234567801}.Release|Any CPU.Build.0 = Release|Any CPU
		{3A1B7C4D-5E6F-7890-ABCD-EF1234567802}.Debug|Any CPU.ActiveCfg = Debug|Any CPU
		{3A1B7C4D-5E6F-7890-ABCD-EF1234567802}.Debug|Any CPU.Build.0 = Debug|Any CPU
		{3A1B7C4D-5E6F-7890-ABCD-EF1234567802}.Release|Any CPU.ActiveCfg = Release|Any CPU
		{3A1B7C4D-5E6F-7890-ABCD-EF1234567802}.Release|Any CPU.Build.0 = Release|Any CPU
		{3A1B7C4D-5E6F-7890-ABCD-EF1234567803}.Debug|Any CPU.ActiveCfg = Debug|Any CPU
		{3A1B7C4D-5E6F-7890-ABCD-EF1234567803}.Debug|Any CPU.Build.0 = Debug|Any CPU
		{3A1B7C4D-5E6F-7890-ABCD-EF1234567803}.Release|Any CPU.ActiveCfg = Release|Any CPU
		{3A1B7C4D-5E6F-7890-ABCD-EF1234567803}.Release|Any CPU.Build.0 = Release|Any CPU
		{3A1B7C4D-5E6F-7890-ABCD-EF1234567804}.Debug|Any CPU.ActiveCfg = Debug|Any CPU
		{3A1B7C4D-5E6F-7890-ABCD-EF1234567804}.Debug|Any CPU.Build.0 = Debug|Any CPU
		{3A1B7C4D-5E6F-7890-ABCD-EF1234567804}.Release|Any CPU.ActiveCfg = Release|Any CPU
		{3A1B7C4D-5E6F-7890-ABCD-EF1234567804}.Release|Any CPU.Build.0 = Release|Any CPU
		{3A1B7C4D-5E6F-7890-ABCD-EF1234567805}.Debug|Any CPU.ActiveCfg = Debug|Any CPU
		{3A1B7C4D-5E6F-7890-ABCD-EF1234567805}.Debug|Any CPU.Build.0 = Debug|Any CPU
		{3A1B7C4D-5E6F-7890-ABCD-EF1234567805}.Release|Any CPU.ActiveCfg = Release|Any CPU
		{3A1B7C4D-5E6F-7890-ABCD-EF1234567805}.Release|Any CPU.Build.0 = Release|Any CPU
	EndGlobalSection
	GlobalSection(SolutionProperties) = preSolution
		HideSolutionNode = FALSE
	EndGlobalSection
	GlobalSection(NestedProjects) = preSolution
		{F5E84536-2CCA-570F-4995-3D0E372A0512} = {827E0CD3-B72D-47B6-A68D-7590B98EB39B}
		{86A42CD1-153F-1226-D6B0-EF19B597B32B} = {827E0CD3-B72D-47B6-A68D-7590B98EB39B}
		{631DD1DA-8EEC-952E-AFAE-2733DA02E027} = {827E0CD3-B72D-47B6-A68D-7590B98EB39B}
		{7F6BD4D9-071A-D523-4097-5031149E1CAF} = {827E0CD3-B72D-47B6-A68D-7590B98EB39B}
		{675537EE-A8AA-B1C6-2886-8CE0EF05B751} = {827E0CD3-B72D-47B6-A68D-7590B98EB39B}
		{0C6B8560-919C-AEAE-DCCF-8DB99E825424} = {827E0CD3-B72D-47B6-A68D-7590B98EB39B}
		{C982873B-5D10-FD15-E78D-8280A651EBD4} = {827E0CD3-B72D-47B6-A68D-7590B98EB39B}
		{E8051900-013E-ED1C-94EB-ADDC5881E07B} = {827E0CD3-B72D-47B6-A68D-7590B98EB39B}
		{E04EF357-6FA7-9233-10D6-5856A0588E18} = {827E0CD3-B72D-47B6-A68D-7590B98EB39B}
		{11132229-3F1E-8F6E-00A7-6CACE54AEAF4} = {827E0CD3-B72D-47B6-A68D-7590B98EB39B}
		{CB987091-6C92-8EC5-1AC0-389D1027AEB0} = {827E0CD3-B72D-47B6-A68D-7590B98EB39B}
		{A2F7603D-7FC7-14B9-2465-3FB6B8F06499} = {0AB3BF05-4346-4AA6-1389-037BE0695223}
		{B5B19CA7-ADBC-78C3-26BE-DFB8CF882830} = {0AB3BF05-4346-4AA6-1389-037BE0695223}
		{15458511-DFF1-0AEF-381D-0D515F6C3A2E} = {0AB3BF05-4346-4AA6-1389-037BE0695223}
		{EF9D5A2E-045F-F220-BE8A-482B9B3B8156} = {0AB3BF05-4346-4AA6-1389-037BE0695223}
		{994FE2B2-6D3C-A6FF-11D8-7072D84031B0} = {0AB3BF05-4346-4AA6-1389-037BE0695223}
		{3A1B7C4D-5E6F-7890-ABCD-EF1234567801} = {0AB3BF05-4346-4AA6-1389-037BE0695223}
		{3A1B7C4D-5E6F-7890-ABCD-EF1234567802} = {0AB3BF05-4346-4AA6-1389-037BE0695223}
		{3A1B7C4D-5E6F-7890-ABCD-EF1234567803} = {0AB3BF05-4346-4AA6-1389-037BE0695223}
		{3A1B7C4D-5E6F-7890-ABCD-EF1234567804} = {0AB3BF05-4346-4AA6-1389-037BE0695223}
		{3A1B7C4D-5E6F-7890-ABCD-EF1234567805} = {0AB3BF05-4346-4AA6-1389-037BE0695223}
	EndGlobalSection
	GlobalSection(ExtensibilityGlobals) = postSolution
		SolutionGuid = {25BAE403-EB55-40A6-B004-8E386B131C5D}
	EndGlobalSection
EndGlobal
