{
  "version": 1,
  "dependencies": {
    "net10.0": {
      "Blazored.FluentValidation": {
        "type": "Direct",
        "requested": "[2.2.0, )",
        "resolved": "2.2.0",
        "contentHash": "lBSHW7faCJqwn7KtZt6vqHSiyGvTL5McpS4sQUW3RLu2R5eMmf4oolFeufZfcAB8TV8iI+/PYouz7sn773E8Og==",
        "dependencies": {
          "FluentValidation": "11.9.1"
        }
      },
      "FluentValidation": {
        "type": "Direct",
        "requested": "[11.11.0, )",
        "resolved": "11.11.0",
        "contentHash": "cyIVdQBwSipxWG8MA3Rqox7iNbUNUTK5bfJi9tIdm4CAfH71Oo5ABLP4/QyrUwuakqpUEPGtE43BDddvEehuYw=="
      },
      "MediatR": {
        "type": "Direct",
        "requested": "[12.4.1, )",
        "resolved": "12.4.1",
        "contentHash": "0tLxCgEC5+r1OCuumR3sWyiVa+BMv3AgiU4+pz8xqTc+2q1WbUEXFOr7Orm96oZ9r9FsldgUtWvB2o7b9jDOaw==",
        "dependencies": {
          "MediatR.Contracts": "[2.0.1, 3.0.0)"
        }
      },
      "Microsoft.AspNetCore.App.Internal.Assets": {
        "type": "Direct",
        "requested": "[10.0.5, )",
        "resolved": "10.0.5",
        "contentHash": "Oxw9Ps1/nd6c/EMCAI13AeJFEqXezAvCEOshMjUWmL7LeGirHJNzytR2e/3jINYg0j2TmPvNUowGHf+gp8zDSQ=="
      },
      "Microsoft.AspNetCore.Authentication.JwtBearer": {
        "type": "Direct",
        "requested": "[10.0.0, )",
        "resolved": "10.0.0",
        "contentHash": "0BgDfT1GoZnzjJOBwx5vFMK5JtqsTEas9pCEwd1/KKxNUAqFmreN60WeUoF+CsmSd9tOQuqWedvdBo/QqHuNTQ==",
        "dependencies": {
          "Microsoft.IdentityModel.Protocols.OpenIdConnect": "8.0.1"
        }
      },
      "Azure.Core": {
        "type": "Transitive",
        "resolved": "1.44.1",
        "contentHash": "YyznXLQZCregzHvioip07/BkzjuWNXogJEVz9T5W6TwjNr17ax41YGzYMptlo2G10oLCuVPoyva62y0SIRDixg==",
        "dependencies": {
          "Microsoft.Bcl.AsyncInterfaces": "6.0.0",
          "System.ClientModel": "1.1.0",
          "System.Memory.Data": "6.0.0"
        }
      },
      "Azure.Extensions.AspNetCore.Configuration.Secrets": {
        "type": "Transitive",
        "resolved": "1.3.2",
        "contentHash": "uMIU++B4XV4lW8+59rKi2Qph6tj2V7tHyLcwVR7OQRmA8cX0VVFhj2DyMahhoF9j4Jk99WA08Nsznd5RwC5Zfw==",
        "dependencies": {
          "Azure.Core": "1.42.0",
          "Azure.Security.KeyVault.Secrets": "4.6.0"
        }
      },
      "Azure.Security.KeyVault.Secrets": {
        "type": "Transitive",
        "resolved": "4.6.0",
        "contentHash": "vwPceoznuT6glvirZcXlaCQrh1uzTSxpZUi2hRFNumHiS3hVyqIXI5fgWiLtlBzwqPJMTr0flUoSvGKjXXQlfg==",
        "dependencies": {
          "Azure.Core": "1.37.0"
        }
      },
      "Azure.Storage.Blobs": {
        "type": "Transitive",
        "resolved": "12.23.0",
        "contentHash": "wokJ5KX/iViQQ32xyCu69+Ter0aR4B9QQ+oR9NCpc/WPIanxnDErrmFfdmE7K8ZdccjHkvE/wEnqJxaF1+5wFg==",
        "dependencies": {
          "Azure.Storage.Common": "12.22.0"
        }
      },
      "Azure.Storage.Common": {
        "type": "Transitive",
        "resolved": "12.22.0",
        "contentHash": "0Vm30bRpQ0fcswB0xQMhKAOSXnRygnF2f/029uPaIDLaj1/yfX4jmU0fFjJe9ojGEj/vlAmsApCEOyL9if6zHg==",
        "dependencies": {
          "Azure.Core": "1.44.1",
          "System.IO.Hashing": "6.0.0"
        }
      },
      "FirebaseAdmin": {
        "type": "Transitive",
        "resolved": "3.1.0",
        "contentHash": "QNafwBg5psTGKOIyo78sNYjJ9GI5z/TPqOgpyOOv+2nzeK8sVaIPT2eDpcgzpxcRcKbjISbel38cQH/pIHNeOA==",
        "dependencies": {
          "Google.Api.Gax.Rest": "4.8.0",
          "Google.Apis.Auth": "1.68.0"
        }
      },
      "FluentValidation.DependencyInjectionExtensions": {
        "type": "Transitive",
        "resolved": "11.11.0",
        "contentHash": "viTKWaMbL3yJYgGI0DiCeavNbE9UPMWFVK2XS9nYXGbm3NDMd0/L5ER4wBzmTtW3BYh3SrlSXm9RACiKZ6stlA==",
        "dependencies": {
          "FluentValidation": "11.11.0"
        }
      },
      "Google.Api.CommonProtos": {
        "type": "Transitive",
        "resolved": "2.15.0",
        "contentHash": "k+43CTEgMbT4C2JjcIJon3GvMNFJ3kLMjPTedOkXUAt0D5cFfrlee+M4oieueAVhbXktR89yoj5O/kVmC/AKJw==",
        "dependencies": {
          "Google.Protobuf": "[3.25.0, 4.0.0)"
        }
      },
      "Google.Api.Gax": {
        "type": "Transitive",
        "resolved": "4.8.0",
        "contentHash": "xlV8Jq/G5CQAA3PwYAuKGjfzGOP7AvjhREnE6vgZlzxREGYchHudZWa2PWSqFJL+MBtz9YgitLpRogANN3CVvg==",
        "dependencies": {
          "Microsoft.Bcl.AsyncInterfaces": "6.0.0",
          "Newtonsoft.Json": "13.0.3"
        }
      },
      "Google.Api.Gax.Grpc": {
        "type": "Transitive",
        "resolved": "4.8.0",
        "contentHash": "njcDsrFMZTmG2xdar6o5zyj7YVCUv6JNWU7un+q15Fm9DpGt0HSqHVnabVD2LBjUa3JWrqWX2kVv0w7qx4+tFQ==",
        "dependencies": {
          "Google.Api.CommonProtos": "2.15.0",
          "Google.Api.Gax": "4.8.0",
          "Google.Apis.Auth": "[1.67.0, 2.0.0)",
          "Grpc.Auth": "[2.60.0, 3.0.0)",
          "Grpc.Core.Api": "[2.60.0, 3.0.0)",
          "Grpc.Net.Client": "[2.60.0, 3.0.0)"
        }
      },
      "Google.Api.Gax.Rest": {
        "type": "Transitive",
        "resolved": "4.8.0",
        "contentHash": "zaA5LZ2VvGj/wwIzRB68swr7khi2kWNgqWvsB0fYtScIAl3kGkGtqiBcx63H1YLeKr5xau1866bFjTeReH6FSQ==",
        "dependencies": {
          "Google.Api.Gax": "4.8.0",
          "Google.Apis.Auth": "[1.67.0, 2.0.0)"
        }
      },
      "Google.Apis": {
        "type": "Transitive",
        "resolved": "1.68.0",
        "contentHash": "s2MymhdpH+ybZNBeZ2J5uFgFHApBp+QXf9FjZSdM1lk/vx5VqIknJwnaWiuAzXxPrLEkesX0Q+UsiWn39yZ9zw==",
        "dependencies": {
          "Google.Apis.Core": "1.68.0"
        }
      },
      "Google.Apis.Auth": {
        "type": "Transitive",
        "resolved": "1.68.0",
        "contentHash": "hFx8Qz5bZ4w0hpnn4tSmZaaFpjAMsgVElZ+ZgVLUZ2r9i+AKcoVgwiNfv1pruNS5cCvpXqhKECbruBCfRezPHA==",
        "dependencies": {
          "Google.Apis": "1.68.0",
          "Google.Apis.Core": "1.68.0",
          "System.Management": "7.0.2"
        }
      },
      "Google.Apis.Core": {
        "type": "Transitive",
        "resolved": "1.68.0",
        "contentHash": "pAqwa6pfu53UXCR2b7A/PAPXeuVg6L1OFw38WckN27NU2+mf+KTjoEg2YGv/f0UyKxzz7DxF1urOTKg/6dTP9g==",
        "dependencies": {
          "Newtonsoft.Json": "13.0.3"
        }
      },
      "Google.Cloud.Firestore": {
        "type": "Transitive",
        "resolved": "3.8.0",
        "contentHash": "22Isdmp48+XzOOI3pmmd3dLgJT5JKCUIw0eMqoQfZL96spLc3SlNTeC7WerAsDhvii73S0VLsLXb5KfEmcTA/Q==",
        "dependencies": {
          "Google.Cloud.Firestore.V1": "3.8.0",
          "System.Linq.Async": "6.0.1"
        }
      },
      "Google.Cloud.Firestore.V1": {
        "type": "Transitive",
        "resolved": "3.8.0",
        "contentHash": "wBO8OtxkP7y4CnKjUMJo2YyKoGWbN6UkmWN+Rm9p2vqvUwgHPIT5OZVlJBxPyFDWLUuGSBYVBoeathsZfjt/gg==",
        "dependencies": {
          "Google.Api.Gax.Grpc": "[4.8.0, 5.0.0)",
          "Google.Cloud.Location": "[2.3.0, 3.0.0)",
          "Google.LongRunning": "[3.3.0, 4.0.0)"
        }
      },
      "Google.Cloud.Location": {
        "type": "Transitive",
        "resolved": "2.3.0",
        "contentHash": "ABQ4EM7FsOM7tx0cmlkZmHFqH1LeCf4teWPM26UT7mZJzlH4Pk8HUcyi/xEFe3l6LanNFCTHbKT+eOlQ/axkJg==",
        "dependencies": {
          "Google.Api.Gax.Grpc": "[4.8.0, 5.0.0)"
        }
      },
      "Google.LongRunning": {
        "type": "Transitive",
        "resolved": "3.3.0",
        "contentHash": "F2SZ83Jo466Wj/s1Z7QhIAmWBXxJZQyXZpcx0P8BR7d6s0FAj67vQjeUPESSJcvsy8AqYiYBhkUr2YpZhTQeHg==",
        "dependencies": {
          "Google.Api.Gax.Grpc": "[4.8.0, 5.0.0)"
        }
      },
      "Google.Protobuf": {
        "type": "Transitive",
        "resolved": "3.25.0",
        "contentHash": "pIEkH1IqZV1iK8J5MYdG1kOyY0EoQLB6yEKvBq12RYNtvGXwCvnQg5zQsFmcqAEPtIZvSqPozIbUZaEd5a2gCg=="
      },
      "Grpc.Auth": {
        "type": "Transitive",
        "resolved": "2.60.0",
        "contentHash": "mJAllsSsFix/wrp1l5QmHXRlzMFmnIGZJYuHG1thkDJPUE9ltHPkdL5x30xGpqKvka02Il2oHd66gt8YfSOIWg==",
        "dependencies": {
          "Google.Apis.Auth": "1.46.0",
          "Grpc.Core.Api": "2.60.0"
        }
      },
      "Grpc.Core.Api": {
        "type": "Transitive",
        "resolved": "2.60.0",
        "contentHash": "VWah+8dGJhhsay5BQ/Ljq6GYDWj0lSjdzqyoBgUQhXTbBqhs+q5dRFROKxI1xxzlL4pfUO45cf/y+KnHVFG9ew=="
      },
      "Grpc.Net.Client": {
        "type": "Transitive",
        "resolved": "2.60.0",
        "contentHash": "J9U96gjZHOcqSgAThg9vZZhLsbTD005bUggPtMP/RVQnGc3+tQJTpkRUCJtJWq9cykNydsRVoyU38TjPP/VJ4A==",
        "dependencies": {
          "Grpc.Net.Common": "2.60.0"
        }
      },
      "Grpc.Net.Common": {
        "type": "Transitive",
        "resolved": "2.60.0",
        "contentHash": "Y/917aplgD1RA0q1cd9WpnMGyl9Luu3WZl6ZMpPvNQwg2TNw/3uXUDSriDBybeCtxnKUCtxUcWO3WsVkhM1DcA==",
        "dependencies": {
          "Grpc.Core.Api": "2.60.0"
        }
      },
      "MediatR.Contracts": {
        "type": "Transitive",
        "resolved": "2.0.1",
        "contentHash": "FYv95bNT4UwcNA+G/J1oX5OpRiSUxteXaUt2BJbRSdRNiIUNbggJF69wy6mnk2wYToaanpdXZdCwVylt96MpwQ=="
      },
      "Microsoft.Bcl.AsyncInterfaces": {
        "type": "Transitive",
        "resolved": "6.0.0",
        "contentHash": "UcSjPsst+DfAdJGVDsu346FX0ci0ah+lw3WRtn18NUwEqRt70HaOQ7lI72vy3+1LxtqI3T5GWwV39rQSrCzAeg=="
      },
      "Microsoft.IdentityModel.Abstractions": {
        "type": "Transitive",
        "resolved": "8.0.1",
        "contentHash": "OtlIWcyX01olfdevPKZdIPfBEvbcioDyBiE/Z2lHsopsMD7twcKtlN9kMevHmI5IIPhFpfwCIiR6qHQz1WHUIw=="
      },
      "Microsoft.IdentityModel.JsonWebTokens": {
        "type": "Transitive",
        "resolved": "8.0.1",
        "contentHash": "s6++gF9x0rQApQzOBbSyp4jUaAlwm+DroKfL8gdOHxs83k8SJfUXhuc46rDB3rNXBQ1MVRxqKUrqFhO/M0E97g==",
        "dependencies": {
          "Microsoft.IdentityModel.Tokens": "8.0.1"
        }
      },
      "Microsoft.IdentityModel.Logging": {
        "type": "Transitive",
        "resolved": "8.0.1",
        "contentHash": "UCPF2exZqBXe7v/6sGNiM6zCQOUXXQ9+v5VTb9gPB8ZSUPnX53BxlN78v2jsbIvK9Dq4GovQxo23x8JgWvm/Qg==",
        "dependencies": {
          "Microsoft.IdentityModel.Abstractions": "8.0.1"
        }
      },
      "Microsoft.IdentityModel.Protocols": {
        "type": "Transitive",
        "resolved": "8.0.1",
        "contentHash": "uA2vpKqU3I2mBBEaeJAWPTjT9v1TZrGWKdgK6G5qJd03CLx83kdiqO9cmiK8/n1erkHzFBwU/RphP83aAe3i3g==",
        "dependencies": {
          "Microsoft.IdentityModel.Tokens": "8.0.1"
        }
      },
      "Microsoft.IdentityModel.Protocols.OpenIdConnect": {
        "type": "Transitive",
        "resolved": "8.0.1",
        "contentHash": "AQDbfpL+yzuuGhO/mQhKNsp44pm5Jv8/BI4KiFXR7beVGZoSH35zMV3PrmcfvSTsyI6qrcR898NzUauD6SRigg==",
        "dependencies": {
          "Microsoft.IdentityModel.Protocols": "8.0.1",
          "System.IdentityModel.Tokens.Jwt": "8.0.1"
        }
      },
      "Microsoft.IdentityModel.Tokens": {
        "type": "Transitive",
        "resolved": "8.0.1",
        "contentHash": "kDimB6Dkd3nkW2oZPDkMkVHfQt3IDqO5gL0oa8WVy3OP4uE8Ij+8TXnqg9TOd9ufjsY3IDiGz7pCUbnfL18tjg==",
        "dependencies": {
          "Microsoft.IdentityModel.Logging": "8.0.1"
        }
      },
      "Newtonsoft.Json": {
        "type": "Transitive",
        "resolved": "13.0.3",
        "contentHash": "HrC5BXdl00IP9zeV+0Z848QWPAoCr9P3bDEZguI+gkLcBKAOxix/tLEAAHC+UvDNPv4a2d18lOReHMOagPa+zQ=="
      },
      "QuestPDF": {
        "type": "Transitive",
        "resolved": "2025.4.0",
        "contentHash": "IgLeBf/niXR/r8eRMomwD7TXKJELnIsZX/biOV29zpY1XIztl2DgfZFFoHCLX0dRzmVDy+YG/GfCkUjOMqXzCA=="
      },
      "System.ClientModel": {
        "type": "Transitive",
        "resolved": "1.1.0",
        "contentHash": "UocOlCkxLZrG2CKMAAImPcldJTxeesHnHGHwhJ0pNlZEvEXcWKuQvVOER2/NiOkJGRJk978SNdw3j6/7O9H1lg==",
        "dependencies": {
          "System.Memory.Data": "1.0.2"
        }
      },
      "System.CodeDom": {
        "type": "Transitive",
        "resolved": "7.0.0",
        "contentHash": "GLltyqEsE5/3IE+zYRP5sNa1l44qKl9v+bfdMcwg+M9qnQf47wK3H0SUR/T+3N4JEQXF3vV4CSuuo0rsg+nq2A=="
      },
      "System.IdentityModel.Tokens.Jwt": {
        "type": "Transitive",
        "resolved": "8.0.1",
        "contentHash": "GJw3bYkWpOgvN3tJo5X4lYUeIFA2HD293FPUhKmp7qxS+g5ywAb34Dnd3cDAFLkcMohy5XTpoaZ4uAHuw0uSPQ==",
        "dependencies": {
          "Microsoft.IdentityModel.JsonWebTokens": "8.0.1",
          "Microsoft.IdentityModel.Tokens": "8.0.1"
        }
      },
      "System.IO.Hashing": {
        "type": "Transitive",
        "resolved": "6.0.0",
        "contentHash": "Rfm2jYCaUeGysFEZjDe7j1R4x6Z6BzumS/vUT5a1AA/AWJuGX71PoGB0RmpyX3VmrGqVnAwtfMn39OHR8Y/5+g=="
      },
      "System.Linq.Async": {
        "type": "Transitive",
        "resolved": "6.0.1",
        "contentHash": "0YhHcaroWpQ9UCot3Pizah7ryAzQhNvobLMSxeDIGmnXfkQn8u5owvpOH0K6EVB+z9L7u6Cc4W17Br/+jyttEQ==",
        "dependencies": {
          "Microsoft.Bcl.AsyncInterfaces": "6.0.0"
        }
      },
      "System.Management": {
        "type": "Transitive",
        "resolved": "7.0.2",
        "contentHash": "/qEUN91mP/MUQmJnM5y5BdT7ZoPuVrtxnFlbJ8a3kBJGhe2wCzBfnPFtK2wTtEEcf3DMGR9J00GZZfg6HRI6yA==",
        "dependencies": {
          "System.CodeDom": "7.0.0"
        }
      },
      "System.Memory.Data": {
        "type": "Transitive",
        "resolved": "6.0.0",
        "contentHash": "ntFHArH3I4Lpjf5m4DCXQHJuGwWPNVJPaAvM95Jy/u+2Yzt2ryiyIN04LAogkjP9DeRcEOiviAjQotfmPq/FrQ=="
      },
      "zenohr.domain": {
        "type": "Project",
        "dependencies": {
          "MediatR": "[12.4.1, )"
        }
      },
      "zenohr.infrastructure": {
        "type": "Project",
        "dependencies": {
          "Azure.Extensions.AspNetCore.Configuration.Secrets": "[1.3.2, )",
          "Azure.Storage.Blobs": "[12.23.0, )",
          "FirebaseAdmin": "[3.1.0, )",
          "FluentValidation": "[11.11.0, )",
          "FluentValidation.DependencyInjectionExtensions": "[11.11.0, )",
          "Google.Cloud.Firestore": "[3.8.0, )",
          "MediatR": "[12.4.1, )",
          "QuestPDF": "[2025.4.0, )",
          "ZenoHR.Domain": "[1.0.0, )",
          "ZenoHR.Module.Audit": "[1.0.0, )",
          "ZenoHR.Module.Compliance": "[1.0.0, )",
          "ZenoHR.Module.Employee": "[1.0.0, )",
          "ZenoHR.Module.Leave": "[1.0.0, )",
          "ZenoHR.Module.Payroll": "[1.0.0, )",
          "ZenoHR.Module.Risk": "[1.0.0, )",
          "ZenoHR.Module.TimeAttendance": "[1.0.0, )"
        }
      },
      "zenohr.module.audit": {
        "type": "Project",
        "dependencies": {
          "FluentValidation": "[11.11.0, )",
          "MediatR": "[12.4.1, )",
          "ZenoHR.Domain": "[1.0.0, )"
        }
      },
      "zenohr.module.compliance": {
        "type": "Project",
        "dependencies": {
          "FluentValidation": "[11.11.0, )",
          "MediatR": "[12.4.1, )",
          "ZenoHR.Domain": "[1.0.0, )"
        }
      },
      "zenohr.module.employee": {
        "type": "Project",
        "dependencies": {
          "FluentValidation": "[11.11.0, )",
          "MediatR": "[12.4.1, )",
          "ZenoHR.Domain": "[1.0.0, )"
        }
      },
      "zenohr.module.leave": {
        "type": "Project",
        "dependencies": {
          "FluentValidation": "[11.11.0, )",
          "MediatR": "[12.4.1, )",
          "ZenoHR.Domain": "[1.0.0, )"
        }
      },
      "zenohr.module.payroll": {
        "type": "Project",
        "dependencies": {
          "FluentValidation": "[11.11.0, )",
          "MediatR": "[12.4.1, )",
          "ZenoHR.Domain": "[1.0.0, )"
        }
      },
      "zenohr.module.risk": {
        "type": "Project",
        "dependencies": {
          "FluentValidation": "[11.11.0, )",
          "MediatR": "[12.4.1, )",
          "ZenoHR.Domain": "[1.0.0, )"
        }
      },
      "zenohr.module.timeattendance": {
        "type": "Project",
        "dependencies": {
          "FluentValidation": "[11.11.0, )",
          "MediatR": "[12.4.1, )",
          "ZenoHR.Domain": "[1.0.0, )"
        }
      }
    }
  }
}